PODS:
  - Alamofire (5.9.1)
  - CwlCatchException (2.2.1):
    - CwlCatchExceptionSupport (~> 2.2.1)
  - CwlCatchExceptionSupport (2.2.1)
  - CwlMachBadInstructionHandler (2.2.2)
  - CwlPosixPreconditionTesting (2.2.2)
  - CwlPreconditionTesting (2.2.2):
    - CwlCatchException (~> 2.2.1)
    - CwlMachBadInstructionHandler (~> 2.2.2)
    - CwlPosixPreconditionTesting (~> 2.2.2)
  - Nimble (13.7.1):
    - CwlPreconditionTesting (~> 2.2.0)
  - Quick (7.6.2)
  - RxBlocking (6.9.0):
    - RxSwift (= 6.9.0)
  - RxSwift (6.9.0)
  - SnapshotTesting (1.9.0)

DEPENDENCIES:
  - Alamofire
  - Nimble
  - Quick
  - RxBlocking
  - SnapshotTesting

SPEC REPOS:
  trunk:
    - Alamofire
    - CwlCatchException
    - CwlCatchExceptionSupport
    - CwlMachBadInstructionHandler
    - CwlPosixPreconditionTesting
    - CwlPreconditionTesting
    - Nimble
    - Quick
    - RxBlocking
    - RxSwift
    - SnapshotTesting

SPEC CHECKSUMS:
  Alamofire: f36a35757af4587d8e4f4bfa223ad10be2422b8c
  CwlCatchException: 7acc161b299a6de7f0a46a6ed741eae2c8b4d75a
  CwlCatchExceptionSupport: 54ccab8d8c78907b57f99717fb19d4cc3bce02dc
  CwlMachBadInstructionHandler: dae4fdd124d45c9910ac240287cc7b898f4502a1
  CwlPosixPreconditionTesting: ecd095aa2129e740b44301c34571e8d85906fb88
  CwlPreconditionTesting: 67a0047dd4de4382b93442c0e3f25207f984f35a
  Nimble: 317d713c30c3336dd8571da1889f7ec3afc626e8
  Quick: b8bec97cd4b9f21da0472d45580f763b801fc353
  RxBlocking: 5d2b26d019b6ba9eb3f58638611f124609c44822
  RxSwift: 31649ace6aceeb422e16ff71c60804f9c3281ed9
  SnapshotTesting: 6141c48b6aa76ead61431ca665c14ab9a066c53b

PODFILE CHECKSUM: 2dc4939ff4eb4a065fd1ec13b085536e9a63306c

COCOAPODS: 1.16.2
