// !$*UTF8*$!
{
	archiveVersion = 1;
	classes = {
	};
	objectVersion = 77;
	objects = {

/* Begin PBXBuildFile section */
		90B9637BE503E1D265D1DD86 /* Pods_MiniSAPlaygroundTests.framework in Frameworks */ = {isa = PBXBuildFile; fileRef = 1894C69FEB5576F3DFEB563F /* Pods_MiniSAPlaygroundTests.framework */; };
		AF1990456E03DA0C6FC9608E /* Pods_MiniSAPlayground_MiniSAPlaygroundUITests.framework in Frameworks */ = {isa = PBXBuildFile; fileRef = 88D718C9D555A6E52759E790 /* Pods_MiniSAPlayground_MiniSAPlaygroundUITests.framework */; };
		AF3427B03004C5776EA21423 /* Pods_MiniSAPlayground.framework in Frameworks */ = {isa = PBXBuildFile; fileRef = CB42A17BA1D71CB050D1CC91 /* Pods_MiniSAPlayground.framework */; };
/* End PBXBuildFile section */

/* Begin PBXContainerItemProxy section */
		604488CE2E34194900D9B9FD /* PBXContainerItemProxy */ = {
			isa = PBXContainerItemProxy;
			containerPortal = 604488B82E34194800D9B9FD /* Project object */;
			proxyType = 1;
			remoteGlobalIDString = 604488BF2E34194800D9B9FD;
			remoteInfo = MiniSAPlayground;
		};
		604488D82E34194900D9B9FD /* PBXContainerItemProxy */ = {
			isa = PBXContainerItemProxy;
			containerPortal = 604488B82E34194800D9B9FD /* Project object */;
			proxyType = 1;
			remoteGlobalIDString = 604488BF2E34194800D9B9FD;
			remoteInfo = MiniSAPlayground;
		};
/* End PBXContainerItemProxy section */

/* Begin PBXFileReference section */
		1894C69FEB5576F3DFEB563F /* Pods_MiniSAPlaygroundTests.framework */ = {isa = PBXFileReference; explicitFileType = wrapper.framework; includeInIndex = 0; path = Pods_MiniSAPlaygroundTests.framework; sourceTree = BUILT_PRODUCTS_DIR; };
		5F6E4B98FBE4681410EBF7FC /* Pods-MiniSAPlayground-MiniSAPlaygroundUITests.release.xcconfig */ = {isa = PBXFileReference; includeInIndex = 1; lastKnownFileType = text.xcconfig; name = "Pods-MiniSAPlayground-MiniSAPlaygroundUITests.release.xcconfig"; path = "Target Support Files/Pods-MiniSAPlayground-MiniSAPlaygroundUITests/Pods-MiniSAPlayground-MiniSAPlaygroundUITests.release.xcconfig"; sourceTree = "<group>"; };
		604488C02E34194800D9B9FD /* MiniSAPlayground.app */ = {isa = PBXFileReference; explicitFileType = wrapper.application; includeInIndex = 0; path = MiniSAPlayground.app; sourceTree = BUILT_PRODUCTS_DIR; };
		604488CD2E34194900D9B9FD /* MiniSAPlaygroundTests.xctest */ = {isa = PBXFileReference; explicitFileType = wrapper.cfbundle; includeInIndex = 0; path = MiniSAPlaygroundTests.xctest; sourceTree = BUILT_PRODUCTS_DIR; };
		604488D72E34194900D9B9FD /* MiniSAPlaygroundUITests.xctest */ = {isa = PBXFileReference; explicitFileType = wrapper.cfbundle; includeInIndex = 0; path = MiniSAPlaygroundUITests.xctest; sourceTree = BUILT_PRODUCTS_DIR; };
		676EEE14FC037667D8E3DE1C /* Pods-MiniSAPlayground.release.xcconfig */ = {isa = PBXFileReference; includeInIndex = 1; lastKnownFileType = text.xcconfig; name = "Pods-MiniSAPlayground.release.xcconfig"; path = "Target Support Files/Pods-MiniSAPlayground/Pods-MiniSAPlayground.release.xcconfig"; sourceTree = "<group>"; };
		6C68C85BBFB14F7035DB0F8E /* Pods-MiniSAPlaygroundTests.release.xcconfig */ = {isa = PBXFileReference; includeInIndex = 1; lastKnownFileType = text.xcconfig; name = "Pods-MiniSAPlaygroundTests.release.xcconfig"; path = "Target Support Files/Pods-MiniSAPlaygroundTests/Pods-MiniSAPlaygroundTests.release.xcconfig"; sourceTree = "<group>"; };
		78C205C51AC306DB78FA7482 /* Pods-MiniSAPlayground.debug.xcconfig */ = {isa = PBXFileReference; includeInIndex = 1; lastKnownFileType = text.xcconfig; name = "Pods-MiniSAPlayground.debug.xcconfig"; path = "Target Support Files/Pods-MiniSAPlayground/Pods-MiniSAPlayground.debug.xcconfig"; sourceTree = "<group>"; };
		88D718C9D555A6E52759E790 /* Pods_MiniSAPlayground_MiniSAPlaygroundUITests.framework */ = {isa = PBXFileReference; explicitFileType = wrapper.framework; includeInIndex = 0; path = Pods_MiniSAPlayground_MiniSAPlaygroundUITests.framework; sourceTree = BUILT_PRODUCTS_DIR; };
		A93BEBB29C202A8C478C140C /* Pods-MiniSAPlaygroundTests.debug.xcconfig */ = {isa = PBXFileReference; includeInIndex = 1; lastKnownFileType = text.xcconfig; name = "Pods-MiniSAPlaygroundTests.debug.xcconfig"; path = "Target Support Files/Pods-MiniSAPlaygroundTests/Pods-MiniSAPlaygroundTests.debug.xcconfig"; sourceTree = "<group>"; };
		CB42A17BA1D71CB050D1CC91 /* Pods_MiniSAPlayground.framework */ = {isa = PBXFileReference; explicitFileType = wrapper.framework; includeInIndex = 0; path = Pods_MiniSAPlayground.framework; sourceTree = BUILT_PRODUCTS_DIR; };
		CD482956422DDBF4C5A2AE92 /* Pods-MiniSAPlayground-MiniSAPlaygroundUITests.debug.xcconfig */ = {isa = PBXFileReference; includeInIndex = 1; lastKnownFileType = text.xcconfig; name = "Pods-MiniSAPlayground-MiniSAPlaygroundUITests.debug.xcconfig"; path = "Target Support Files/Pods-MiniSAPlayground-MiniSAPlaygroundUITests/Pods-MiniSAPlayground-MiniSAPlaygroundUITests.debug.xcconfig"; sourceTree = "<group>"; };
/* End PBXFileReference section */

/* Begin PBXFileSystemSynchronizedRootGroup section */
		604488C22E34194800D9B9FD /* MiniSAPlayground */ = {
			isa = PBXFileSystemSynchronizedRootGroup;
			path = MiniSAPlayground;
			sourceTree = "<group>";
		};
		604488D02E34194900D9B9FD /* MiniSAPlaygroundTests */ = {
			isa = PBXFileSystemSynchronizedRootGroup;
			path = MiniSAPlaygroundTests;
			sourceTree = "<group>";
		};
		604488DA2E34194900D9B9FD /* MiniSAPlaygroundUITests */ = {
			isa = PBXFileSystemSynchronizedRootGroup;
			path = MiniSAPlaygroundUITests;
			sourceTree = "<group>";
		};
/* End PBXFileSystemSynchronizedRootGroup section */

/* Begin PBXFrameworksBuildPhase section */
		604488BD2E34194800D9B9FD /* Frameworks */ = {
			isa = PBXFrameworksBuildPhase;
			buildActionMask = 2147483647;
			files = (
				AF3427B03004C5776EA21423 /* Pods_MiniSAPlayground.framework in Frameworks */,
			);
			runOnlyForDeploymentPostprocessing = 0;
		};
		604488CA2E34194900D9B9FD /* Frameworks */ = {
			isa = PBXFrameworksBuildPhase;
			buildActionMask = 2147483647;
			files = (
				90B9637BE503E1D265D1DD86 /* Pods_MiniSAPlaygroundTests.framework in Frameworks */,
			);
			runOnlyForDeploymentPostprocessing = 0;
		};
		604488D42E34194900D9B9FD /* Frameworks */ = {
			isa = PBXFrameworksBuildPhase;
			buildActionMask = 2147483647;
			files = (
				AF1990456E03DA0C6FC9608E /* Pods_MiniSAPlayground_MiniSAPlaygroundUITests.framework in Frameworks */,
			);
			runOnlyForDeploymentPostprocessing = 0;
		};
/* End PBXFrameworksBuildPhase section */

/* Begin PBXGroup section */
		2F2A2A3F18C34F24ED226221 /* Pods */ = {
			isa = PBXGroup;
			children = (
				78C205C51AC306DB78FA7482 /* Pods-MiniSAPlayground.debug.xcconfig */,
				676EEE14FC037667D8E3DE1C /* Pods-MiniSAPlayground.release.xcconfig */,
				CD482956422DDBF4C5A2AE92 /* Pods-MiniSAPlayground-MiniSAPlaygroundUITests.debug.xcconfig */,
				5F6E4B98FBE4681410EBF7FC /* Pods-MiniSAPlayground-MiniSAPlaygroundUITests.release.xcconfig */,
				A93BEBB29C202A8C478C140C /* Pods-MiniSAPlaygroundTests.debug.xcconfig */,
				6C68C85BBFB14F7035DB0F8E /* Pods-MiniSAPlaygroundTests.release.xcconfig */,
			);
			path = Pods;
			sourceTree = "<group>";
		};
		4C008CF47F69107345275DFA /* Frameworks */ = {
			isa = PBXGroup;
			children = (
				CB42A17BA1D71CB050D1CC91 /* Pods_MiniSAPlayground.framework */,
				88D718C9D555A6E52759E790 /* Pods_MiniSAPlayground_MiniSAPlaygroundUITests.framework */,
				1894C69FEB5576F3DFEB563F /* Pods_MiniSAPlaygroundTests.framework */,
			);
			name = Frameworks;
			sourceTree = "<group>";
		};
		604488B72E34194800D9B9FD = {
			isa = PBXGroup;
			children = (
				604488C22E34194800D9B9FD /* MiniSAPlayground */,
				604488D02E34194900D9B9FD /* MiniSAPlaygroundTests */,
				604488DA2E34194900D9B9FD /* MiniSAPlaygroundUITests */,
				604488C12E34194800D9B9FD /* Products */,
				2F2A2A3F18C34F24ED226221 /* Pods */,
				4C008CF47F69107345275DFA /* Frameworks */,
			);
			sourceTree = "<group>";
		};
		604488C12E34194800D9B9FD /* Products */ = {
			isa = PBXGroup;
			children = (
				604488C02E34194800D9B9FD /* MiniSAPlayground.app */,
				604488CD2E34194900D9B9FD /* MiniSAPlaygroundTests.xctest */,
				604488D72E34194900D9B9FD /* MiniSAPlaygroundUITests.xctest */,
			);
			name = Products;
			sourceTree = "<group>";
		};
/* End PBXGroup section */

/* Begin PBXNativeTarget section */
		604488BF2E34194800D9B9FD /* MiniSAPlayground */ = {
			isa = PBXNativeTarget;
			buildConfigurationList = 604488E12E34194900D9B9FD /* Build configuration list for PBXNativeTarget "MiniSAPlayground" */;
			buildPhases = (
				3C98C62A488DD16DE0AC5A97 /* [CP] Check Pods Manifest.lock */,
				604488BC2E34194800D9B9FD /* Sources */,
				604488BD2E34194800D9B9FD /* Frameworks */,
				604488BE2E34194800D9B9FD /* Resources */,
				D9BE9D8A2F09260762C3FD2E /* [CP] Embed Pods Frameworks */,
			);
			buildRules = (
			);
			dependencies = (
			);
			fileSystemSynchronizedGroups = (
				604488C22E34194800D9B9FD /* MiniSAPlayground */,
			);
			name = MiniSAPlayground;
			productName = MiniSAPlayground;
			productReference = 604488C02E34194800D9B9FD /* MiniSAPlayground.app */;
			productType = "com.apple.product-type.application";
		};
		604488CC2E34194900D9B9FD /* MiniSAPlaygroundTests */ = {
			isa = PBXNativeTarget;
			buildConfigurationList = 604488E42E34194900D9B9FD /* Build configuration list for PBXNativeTarget "MiniSAPlaygroundTests" */;
			buildPhases = (
				7164C62921384F61FAEBC146 /* [CP] Check Pods Manifest.lock */,
				604488C92E34194900D9B9FD /* Sources */,
				604488CA2E34194900D9B9FD /* Frameworks */,
				604488CB2E34194900D9B9FD /* Resources */,
				F9B3A29C1E3B7701AF720BD8 /* [CP] Embed Pods Frameworks */,
			);
			buildRules = (
			);
			dependencies = (
				604488CF2E34194900D9B9FD /* PBXTargetDependency */,
			);
			fileSystemSynchronizedGroups = (
				604488D02E34194900D9B9FD /* MiniSAPlaygroundTests */,
			);
			name = MiniSAPlaygroundTests;
			productName = MiniSAPlaygroundTests;
			productReference = 604488CD2E34194900D9B9FD /* MiniSAPlaygroundTests.xctest */;
			productType = "com.apple.product-type.bundle.unit-test";
		};
		604488D62E34194900D9B9FD /* MiniSAPlaygroundUITests */ = {
			isa = PBXNativeTarget;
			buildConfigurationList = 604488E72E34194900D9B9FD /* Build configuration list for PBXNativeTarget "MiniSAPlaygroundUITests" */;
			buildPhases = (
				75441709F8563C93F79DA122 /* [CP] Check Pods Manifest.lock */,
				604488D32E34194900D9B9FD /* Sources */,
				604488D42E34194900D9B9FD /* Frameworks */,
				604488D52E34194900D9B9FD /* Resources */,
				8B4FE42E6BCAF56410394639 /* [CP] Embed Pods Frameworks */,
			);
			buildRules = (
			);
			dependencies = (
				604488D92E34194900D9B9FD /* PBXTargetDependency */,
			);
			fileSystemSynchronizedGroups = (
				604488DA2E34194900D9B9FD /* MiniSAPlaygroundUITests */,
			);
			name = MiniSAPlaygroundUITests;
			productName = MiniSAPlaygroundUITests;
			productReference = 604488D72E34194900D9B9FD /* MiniSAPlaygroundUITests.xctest */;
			productType = "com.apple.product-type.bundle.ui-testing";
		};
/* End PBXNativeTarget section */

/* Begin PBXProject section */
		604488B82E34194800D9B9FD /* Project object */ = {
			isa = PBXProject;
			attributes = {
				BuildIndependentTargetsInParallel = 1;
				LastSwiftUpdateCheck = 1630;
				LastUpgradeCheck = 1630;
				TargetAttributes = {
					604488BF2E34194800D9B9FD = {
						CreatedOnToolsVersion = 16.3;
					};
					604488CC2E34194900D9B9FD = {
						CreatedOnToolsVersion = 16.3;
						TestTargetID = 604488BF2E34194800D9B9FD;
					};
					604488D62E34194900D9B9FD = {
						CreatedOnToolsVersion = 16.3;
						TestTargetID = 604488BF2E34194800D9B9FD;
					};
				};
			};
			buildConfigurationList = 604488BB2E34194800D9B9FD /* Build configuration list for PBXProject "MiniSAPlayground" */;
			developmentRegion = en;
			hasScannedForEncodings = 0;
			knownRegions = (
				en,
				Base,
			);
			mainGroup = 604488B72E34194800D9B9FD;
			minimizedProjectReferenceProxies = 1;
			preferredProjectObjectVersion = 77;
			productRefGroup = 604488C12E34194800D9B9FD /* Products */;
			projectDirPath = "";
			projectRoot = "";
			targets = (
				604488BF2E34194800D9B9FD /* MiniSAPlayground */,
				604488CC2E34194900D9B9FD /* MiniSAPlaygroundTests */,
				604488D62E34194900D9B9FD /* MiniSAPlaygroundUITests */,
			);
		};
/* End PBXProject section */

/* Begin PBXResourcesBuildPhase section */
		604488BE2E34194800D9B9FD /* Resources */ = {
			isa = PBXResourcesBuildPhase;
			buildActionMask = 2147483647;
			files = (
			);
			runOnlyForDeploymentPostprocessing = 0;
		};
		604488CB2E34194900D9B9FD /* Resources */ = {
			isa = PBXResourcesBuildPhase;
			buildActionMask = 2147483647;
			files = (
			);
			runOnlyForDeploymentPostprocessing = 0;
		};
		604488D52E34194900D9B9FD /* Resources */ = {
			isa = PBXResourcesBuildPhase;
			buildActionMask = 2147483647;
			files = (
			);
			runOnlyForDeploymentPostprocessing = 0;
		};
/* End PBXResourcesBuildPhase section */

/* Begin PBXShellScriptBuildPhase section */
		3C98C62A488DD16DE0AC5A97 /* [CP] Check Pods Manifest.lock */ = {
			isa = PBXShellScriptBuildPhase;
			buildActionMask = 2147483647;
			files = (
			);
			inputFileListPaths = (
			);
			inputPaths = (
				"${PODS_PODFILE_DIR_PATH}/Podfile.lock",
				"${PODS_ROOT}/Manifest.lock",
			);
			name = "[CP] Check Pods Manifest.lock";
			outputFileListPaths = (
			);
			outputPaths = (
				"$(DERIVED_FILE_DIR)/Pods-MiniSAPlayground-checkManifestLockResult.txt",
			);
			runOnlyForDeploymentPostprocessing = 0;
			shellPath = /bin/sh;
			shellScript = "diff \"${PODS_PODFILE_DIR_PATH}/Podfile.lock\" \"${PODS_ROOT}/Manifest.lock\" > /dev/null\nif [ $? != 0 ] ; then\n    # print error to STDERR\n    echo \"error: The sandbox is not in sync with the Podfile.lock. Run 'pod install' or update your CocoaPods installation.\" >&2\n    exit 1\nfi\n# This output is used by Xcode 'outputs' to avoid re-running this script phase.\necho \"SUCCESS\" > \"${SCRIPT_OUTPUT_FILE_0}\"\n";
			showEnvVarsInLog = 0;
		};
		7164C62921384F61FAEBC146 /* [CP] Check Pods Manifest.lock */ = {
			isa = PBXShellScriptBuildPhase;
			buildActionMask = 2147483647;
			files = (
			);
			inputFileListPaths = (
			);
			inputPaths = (
				"${PODS_PODFILE_DIR_PATH}/Podfile.lock",
				"${PODS_ROOT}/Manifest.lock",
			);
			name = "[CP] Check Pods Manifest.lock";
			outputFileListPaths = (
			);
			outputPaths = (
				"$(DERIVED_FILE_DIR)/Pods-MiniSAPlaygroundTests-checkManifestLockResult.txt",
			);
			runOnlyForDeploymentPostprocessing = 0;
			shellPath = /bin/sh;
			shellScript = "diff \"${PODS_PODFILE_DIR_PATH}/Podfile.lock\" \"${PODS_ROOT}/Manifest.lock\" > /dev/null\nif [ $? != 0 ] ; then\n    # print error to STDERR\n    echo \"error: The sandbox is not in sync with the Podfile.lock. Run 'pod install' or update your CocoaPods installation.\" >&2\n    exit 1\nfi\n# This output is used by Xcode 'outputs' to avoid re-running this script phase.\necho \"SUCCESS\" > \"${SCRIPT_OUTPUT_FILE_0}\"\n";
			showEnvVarsInLog = 0;
		};
		75441709F8563C93F79DA122 /* [CP] Check Pods Manifest.lock */ = {
			isa = PBXShellScriptBuildPhase;
			buildActionMask = 2147483647;
			files = (
			);
			inputFileListPaths = (
			);
			inputPaths = (
				"${PODS_PODFILE_DIR_PATH}/Podfile.lock",
				"${PODS_ROOT}/Manifest.lock",
			);
			name = "[CP] Check Pods Manifest.lock";
			outputFileListPaths = (
			);
			outputPaths = (
				"$(DERIVED_FILE_DIR)/Pods-MiniSAPlayground-MiniSAPlaygroundUITests-checkManifestLockResult.txt",
			);
			runOnlyForDeploymentPostprocessing = 0;
			shellPath = /bin/sh;
			shellScript = "diff \"${PODS_PODFILE_DIR_PATH}/Podfile.lock\" \"${PODS_ROOT}/Manifest.lock\" > /dev/null\nif [ $? != 0 ] ; then\n    # print error to STDERR\n    echo \"error: The sandbox is not in sync with the Podfile.lock. Run 'pod install' or update your CocoaPods installation.\" >&2\n    exit 1\nfi\n# This output is used by Xcode 'outputs' to avoid re-running this script phase.\necho \"SUCCESS\" > \"${SCRIPT_OUTPUT_FILE_0}\"\n";
			showEnvVarsInLog = 0;
		};
		8B4FE42E6BCAF56410394639 /* [CP] Embed Pods Frameworks */ = {
			isa = PBXShellScriptBuildPhase;
			buildActionMask = 2147483647;
			files = (
			);
			inputFileListPaths = (
				"${PODS_ROOT}/Target Support Files/Pods-MiniSAPlayground-MiniSAPlaygroundUITests/Pods-MiniSAPlayground-MiniSAPlaygroundUITests-frameworks-${CONFIGURATION}-input-files.xcfilelist",
			);
			inputPaths = (
			);
			name = "[CP] Embed Pods Frameworks";
			outputFileListPaths = (
				"${PODS_ROOT}/Target Support Files/Pods-MiniSAPlayground-MiniSAPlaygroundUITests/Pods-MiniSAPlayground-MiniSAPlaygroundUITests-frameworks-${CONFIGURATION}-output-files.xcfilelist",
			);
			outputPaths = (
			);
			runOnlyForDeploymentPostprocessing = 0;
			shellPath = /bin/sh;
			shellScript = "\"${PODS_ROOT}/Target Support Files/Pods-MiniSAPlayground-MiniSAPlaygroundUITests/Pods-MiniSAPlayground-MiniSAPlaygroundUITests-frameworks.sh\"\n";
			showEnvVarsInLog = 0;
		};
		D9BE9D8A2F09260762C3FD2E /* [CP] Embed Pods Frameworks */ = {
			isa = PBXShellScriptBuildPhase;
			buildActionMask = 2147483647;
			files = (
			);
			inputFileListPaths = (
				"${PODS_ROOT}/Target Support Files/Pods-MiniSAPlayground/Pods-MiniSAPlayground-frameworks-${CONFIGURATION}-input-files.xcfilelist",
			);
			inputPaths = (
			);
			name = "[CP] Embed Pods Frameworks";
			outputFileListPaths = (
				"${PODS_ROOT}/Target Support Files/Pods-MiniSAPlayground/Pods-MiniSAPlayground-frameworks-${CONFIGURATION}-output-files.xcfilelist",
			);
			outputPaths = (
			);
			runOnlyForDeploymentPostprocessing = 0;
			shellPath = /bin/sh;
			shellScript = "\"${PODS_ROOT}/Target Support Files/Pods-MiniSAPlayground/Pods-MiniSAPlayground-frameworks.sh\"\n";
			showEnvVarsInLog = 0;
		};
		F9B3A29C1E3B7701AF720BD8 /* [CP] Embed Pods Frameworks */ = {
			isa = PBXShellScriptBuildPhase;
			buildActionMask = 2147483647;
			files = (
			);
			inputFileListPaths = (
				"${PODS_ROOT}/Target Support Files/Pods-MiniSAPlaygroundTests/Pods-MiniSAPlaygroundTests-frameworks-${CONFIGURATION}-input-files.xcfilelist",
			);
			inputPaths = (
			);
			name = "[CP] Embed Pods Frameworks";
			outputFileListPaths = (
				"${PODS_ROOT}/Target Support Files/Pods-MiniSAPlaygroundTests/Pods-MiniSAPlaygroundTests-frameworks-${CONFIGURATION}-output-files.xcfilelist",
			);
			outputPaths = (
			);
			runOnlyForDeploymentPostprocessing = 0;
			shellPath = /bin/sh;
			shellScript = "\"${PODS_ROOT}/Target Support Files/Pods-MiniSAPlaygroundTests/Pods-MiniSAPlaygroundTests-frameworks.sh\"\n";
			showEnvVarsInLog = 0;
		};
/* End PBXShellScriptBuildPhase section */

/* Begin PBXSourcesBuildPhase section */
		604488BC2E34194800D9B9FD /* Sources */ = {
			isa = PBXSourcesBuildPhase;
			buildActionMask = 2147483647;
			files = (
			);
			runOnlyForDeploymentPostprocessing = 0;
		};
		604488C92E34194900D9B9FD /* Sources */ = {
			isa = PBXSourcesBuildPhase;
			buildActionMask = 2147483647;
			files = (
			);
			runOnlyForDeploymentPostprocessing = 0;
		};
		604488D32E34194900D9B9FD /* Sources */ = {
			isa = PBXSourcesBuildPhase;
			buildActionMask = 2147483647;
			files = (
			);
			runOnlyForDeploymentPostprocessing = 0;
		};
/* End PBXSourcesBuildPhase section */

/* Begin PBXTargetDependency section */
		604488CF2E34194900D9B9FD /* PBXTargetDependency */ = {
			isa = PBXTargetDependency;
			target = 604488BF2E34194800D9B9FD /* MiniSAPlayground */;
			targetProxy = 604488CE2E34194900D9B9FD /* PBXContainerItemProxy */;
		};
		604488D92E34194900D9B9FD /* PBXTargetDependency */ = {
			isa = PBXTargetDependency;
			target = 604488BF2E34194800D9B9FD /* MiniSAPlayground */;
			targetProxy = 604488D82E34194900D9B9FD /* PBXContainerItemProxy */;
		};
/* End PBXTargetDependency section */

/* Begin XCBuildConfiguration section */
		604488DF2E34194900D9B9FD /* Debug */ = {
			isa = XCBuildConfiguration;
			buildSettings = {
				ALWAYS_SEARCH_USER_PATHS = NO;
				ASSETCATALOG_COMPILER_GENERATE_SWIFT_ASSET_SYMBOL_EXTENSIONS = YES;
				CLANG_ANALYZER_NONNULL = YES;
				CLANG_ANALYZER_NUMBER_OBJECT_CONVERSION = YES_AGGRESSIVE;
				CLANG_CXX_LANGUAGE_STANDARD = "gnu++20";
				CLANG_ENABLE_MODULES = YES;
				CLANG_ENABLE_OBJC_ARC = YES;
				CLANG_ENABLE_OBJC_WEAK = YES;
				CLANG_WARN_BLOCK_CAPTURE_AUTORELEASING = YES;
				CLANG_WARN_BOOL_CONVERSION = YES;
				CLANG_WARN_COMMA = YES;
				CLANG_WARN_CONSTANT_CONVERSION = YES;
				CLANG_WARN_DEPRECATED_OBJC_IMPLEMENTATIONS = YES;
				CLANG_WARN_DIRECT_OBJC_ISA_USAGE = YES_ERROR;
				CLANG_WARN_DOCUMENTATION_COMMENTS = YES;
				CLANG_WARN_EMPTY_BODY = YES;
				CLANG_WARN_ENUM_CONVERSION = YES;
				CLANG_WARN_INFINITE_RECURSION = YES;
				CLANG_WARN_INT_CONVERSION = YES;
				CLANG_WARN_NON_LITERAL_NULL_CONVERSION = YES;
				CLANG_WARN_OBJC_IMPLICIT_RETAIN_SELF = YES;
				CLANG_WARN_OBJC_LITERAL_CONVERSION = YES;
				CLANG_WARN_OBJC_ROOT_CLASS = YES_ERROR;
				CLANG_WARN_QUOTED_INCLUDE_IN_FRAMEWORK_HEADER = YES;
				CLANG_WARN_RANGE_LOOP_ANALYSIS = YES;
				CLANG_WARN_STRICT_PROTOTYPES = YES;
				CLANG_WARN_SUSPICIOUS_MOVE = YES;
				CLANG_WARN_UNGUARDED_AVAILABILITY = YES_AGGRESSIVE;
				CLANG_WARN_UNREACHABLE_CODE = YES;
				CLANG_WARN__DUPLICATE_METHOD_MATCH = YES;
				COPY_PHASE_STRIP = NO;
				DEBUG_INFORMATION_FORMAT = dwarf;
				DEVELOPMENT_TEAM = NUP9G5V5V5;
				ENABLE_STRICT_OBJC_MSGSEND = YES;
				ENABLE_TESTABILITY = YES;
				ENABLE_USER_SCRIPT_SANDBOXING = YES;
				GCC_C_LANGUAGE_STANDARD = gnu17;
				GCC_DYNAMIC_NO_PIC = NO;
				GCC_NO_COMMON_BLOCKS = YES;
				GCC_OPTIMIZATION_LEVEL = 0;
				GCC_PREPROCESSOR_DEFINITIONS = (
					"DEBUG=1",
					"$(inherited)",
				);
				GCC_WARN_64_TO_32_BIT_CONVERSION = YES;
				GCC_WARN_ABOUT_RETURN_TYPE = YES_ERROR;
				GCC_WARN_UNDECLARED_SELECTOR = YES;
				GCC_WARN_UNINITIALIZED_AUTOS = YES_AGGRESSIVE;
				GCC_WARN_UNUSED_FUNCTION = YES;
				GCC_WARN_UNUSED_VARIABLE = YES;
				IPHONEOS_DEPLOYMENT_TARGET = 18.4;
				LOCALIZATION_PREFERS_STRING_CATALOGS = YES;
				MTL_ENABLE_DEBUG_INFO = INCLUDE_SOURCE;
				MTL_FAST_MATH = YES;
				ONLY_ACTIVE_ARCH = YES;
				SDKROOT = iphoneos;
				SWIFT_ACTIVE_COMPILATION_CONDITIONS = "DEBUG $(inherited)";
				SWIFT_OPTIMIZATION_LEVEL = "-Onone";
			};
			name = Debug;
		};
		604488E02E34194900D9B9FD /* Release */ = {
			isa = XCBuildConfiguration;
			buildSettings = {
				ALWAYS_SEARCH_USER_PATHS = NO;
				ASSETCATALOG_COMPILER_GENERATE_SWIFT_ASSET_SYMBOL_EXTENSIONS = YES;
				CLANG_ANALYZER_NONNULL = YES;
				CLANG_ANALYZER_NUMBER_OBJECT_CONVERSION = YES_AGGRESSIVE;
				CLANG_CXX_LANGUAGE_STANDARD = "gnu++20";
				CLANG_ENABLE_MODULES = YES;
				CLANG_ENABLE_OBJC_ARC = YES;
				CLANG_ENABLE_OBJC_WEAK = YES;
				CLANG_WARN_BLOCK_CAPTURE_AUTORELEASING = YES;
				CLANG_WARN_BOOL_CONVERSION = YES;
				CLANG_WARN_COMMA = YES;
				CLANG_WARN_CONSTANT_CONVERSION = YES;
				CLANG_WARN_DEPRECATED_OBJC_IMPLEMENTATIONS = YES;
				CLANG_WARN_DIRECT_OBJC_ISA_USAGE = YES_ERROR;
				CLANG_WARN_DOCUMENTATION_COMMENTS = YES;
				CLANG_WARN_EMPTY_BODY = YES;
				CLANG_WARN_ENUM_CONVERSION = YES;
				CLANG_WARN_INFINITE_RECURSION = YES;
				CLANG_WARN_INT_CONVERSION = YES;
				CLANG_WARN_NON_LITERAL_NULL_CONVERSION = YES;
				CLANG_WARN_OBJC_IMPLICIT_RETAIN_SELF = YES;
				CLANG_WARN_OBJC_LITERAL_CONVERSION = YES;
				CLANG_WARN_OBJC_ROOT_CLASS = YES_ERROR;
				CLANG_WARN_QUOTED_INCLUDE_IN_FRAMEWORK_HEADER = YES;
				CLANG_WARN_RANGE_LOOP_ANALYSIS = YES;
				CLANG_WARN_STRICT_PROTOTYPES = YES;
				CLANG_WARN_SUSPICIOUS_MOVE = YES;
				CLANG_WARN_UNGUARDED_AVAILABILITY = YES_AGGRESSIVE;
				CLANG_WARN_UNREACHABLE_CODE = YES;
				CLANG_WARN__DUPLICATE_METHOD_MATCH = YES;
				COPY_PHASE_STRIP = NO;
				DEBUG_INFORMATION_FORMAT = "dwarf-with-dsym";
				DEVELOPMENT_TEAM = NUP9G5V5V5;
				ENABLE_NS_ASSERTIONS = NO;
				ENABLE_STRICT_OBJC_MSGSEND = YES;
				ENABLE_USER_SCRIPT_SANDBOXING = YES;
				GCC_C_LANGUAGE_STANDARD = gnu17;
				GCC_NO_COMMON_BLOCKS = YES;
				GCC_WARN_64_TO_32_BIT_CONVERSION = YES;
				GCC_WARN_ABOUT_RETURN_TYPE = YES_ERROR;
				GCC_WARN_UNDECLARED_SELECTOR = YES;
				GCC_WARN_UNINITIALIZED_AUTOS = YES_AGGRESSIVE;
				GCC_WARN_UNUSED_FUNCTION = YES;
				GCC_WARN_UNUSED_VARIABLE = YES;
				IPHONEOS_DEPLOYMENT_TARGET = 18.4;
				LOCALIZATION_PREFERS_STRING_CATALOGS = YES;
				MTL_ENABLE_DEBUG_INFO = NO;
				MTL_FAST_MATH = YES;
				SDKROOT = iphoneos;
				SWIFT_COMPILATION_MODE = wholemodule;
				VALIDATE_PRODUCT = YES;
			};
			name = Release;
		};
		604488E22E34194900D9B9FD /* Debug */ = {
			isa = XCBuildConfiguration;
			baseConfigurationReference = 78C205C51AC306DB78FA7482 /* Pods-MiniSAPlayground.debug.xcconfig */;
			buildSettings = {
				ASSETCATALOG_COMPILER_APPICON_NAME = AppIcon;
				ASSETCATALOG_COMPILER_GLOBAL_ACCENT_COLOR_NAME = AccentColor;
				CODE_SIGN_STYLE = Automatic;
				CURRENT_PROJECT_VERSION = 1;
				DEVELOPMENT_TEAM = NUP9G5V5V5;
				ENABLE_PREVIEWS = YES;
				ENABLE_USER_SCRIPT_SANDBOXING = NO;
				GENERATE_INFOPLIST_FILE = YES;
				INFOPLIST_KEY_UIApplicationSceneManifest_Generation = YES;
				INFOPLIST_KEY_UIApplicationSupportsIndirectInputEvents = YES;
				INFOPLIST_KEY_UILaunchScreen_Generation = YES;
				INFOPLIST_KEY_UISupportedInterfaceOrientations_iPad = "UIInterfaceOrientationPortrait UIInterfaceOrientationPortraitUpsideDown UIInterfaceOrientationLandscapeLeft UIInterfaceOrientationLandscapeRight";
				INFOPLIST_KEY_UISupportedInterfaceOrientations_iPhone = "UIInterfaceOrientationPortrait UIInterfaceOrientationLandscapeLeft UIInterfaceOrientationLandscapeRight";
				IPHONEOS_DEPLOYMENT_TARGET = 17.6;
				LD_RUNPATH_SEARCH_PATHS = (
					"$(inherited)",
					"@executable_path/Frameworks",
				);
				MARKETING_VERSION = 1.0;
				PRODUCT_BUNDLE_IDENTIFIER = leowirasanto.MiniSAPlayground;
				PRODUCT_NAME = "$(TARGET_NAME)";
				SUPPORTED_PLATFORMS = "iphoneos iphonesimulator";
				SUPPORTS_MACCATALYST = NO;
				SUPPORTS_MAC_DESIGNED_FOR_IPHONE_IPAD = NO;
				SUPPORTS_XR_DESIGNED_FOR_IPHONE_IPAD = NO;
				SWIFT_EMIT_LOC_STRINGS = YES;
				SWIFT_VERSION = 5.0;
				TARGETED_DEVICE_FAMILY = 1;
			};
			name = Debug;
		};
		604488E32E34194900D9B9FD /* Release */ = {
			isa = XCBuildConfiguration;
			baseConfigurationReference = 676EEE14FC037667D8E3DE1C /* Pods-MiniSAPlayground.release.xcconfig */;
			buildSettings = {
				ASSETCATALOG_COMPILER_APPICON_NAME = AppIcon;
				ASSETCATALOG_COMPILER_GLOBAL_ACCENT_COLOR_NAME = AccentColor;
				CODE_SIGN_STYLE = Automatic;
				CURRENT_PROJECT_VERSION = 1;
				DEVELOPMENT_TEAM = NUP9G5V5V5;
				ENABLE_PREVIEWS = YES;
				ENABLE_USER_SCRIPT_SANDBOXING = NO;
				GENERATE_INFOPLIST_FILE = YES;
				INFOPLIST_KEY_UIApplicationSceneManifest_Generation = YES;
				INFOPLIST_KEY_UIApplicationSupportsIndirectInputEvents = YES;
				INFOPLIST_KEY_UILaunchScreen_Generation = YES;
				INFOPLIST_KEY_UISupportedInterfaceOrientations_iPad = "UIInterfaceOrientationPortrait UIInterfaceOrientationPortraitUpsideDown UIInterfaceOrientationLandscapeLeft UIInterfaceOrientationLandscapeRight";
				INFOPLIST_KEY_UISupportedInterfaceOrientations_iPhone = "UIInterfaceOrientationPortrait UIInterfaceOrientationLandscapeLeft UIInterfaceOrientationLandscapeRight";
				IPHONEOS_DEPLOYMENT_TARGET = 17.6;
				LD_RUNPATH_SEARCH_PATHS = (
					"$(inherited)",
					"@executable_path/Frameworks",
				);
				MARKETING_VERSION = 1.0;
				PRODUCT_BUNDLE_IDENTIFIER = leowirasanto.MiniSAPlayground;
				PRODUCT_NAME = "$(TARGET_NAME)";
				SUPPORTED_PLATFORMS = "iphoneos iphonesimulator";
				SUPPORTS_MACCATALYST = NO;
				SUPPORTS_MAC_DESIGNED_FOR_IPHONE_IPAD = NO;
				SUPPORTS_XR_DESIGNED_FOR_IPHONE_IPAD = NO;
				SWIFT_EMIT_LOC_STRINGS = YES;
				SWIFT_VERSION = 5.0;
				TARGETED_DEVICE_FAMILY = 1;
			};
			name = Release;
		};
		604488E52E34194900D9B9FD /* Debug */ = {
			isa = XCBuildConfiguration;
			baseConfigurationReference = A93BEBB29C202A8C478C140C /* Pods-MiniSAPlaygroundTests.debug.xcconfig */;
			buildSettings = {
				BUNDLE_LOADER = "$(TEST_HOST)";
				CODE_SIGN_STYLE = Automatic;
				CURRENT_PROJECT_VERSION = 1;
				DEVELOPMENT_TEAM = NUP9G5V5V5;
				ENABLE_USER_SCRIPT_SANDBOXING = NO;
				GENERATE_INFOPLIST_FILE = YES;
				IPHONEOS_DEPLOYMENT_TARGET = 18.4;
				MARKETING_VERSION = 1.0;
				PRODUCT_BUNDLE_IDENTIFIER = leowirasanto.MiniSAPlaygroundTests;
				PRODUCT_NAME = "$(TARGET_NAME)";
				SWIFT_EMIT_LOC_STRINGS = NO;
				SWIFT_VERSION = 5.0;
				TARGETED_DEVICE_FAMILY = "1,2";
				TEST_HOST = "$(BUILT_PRODUCTS_DIR)/MiniSAPlayground.app/$(BUNDLE_EXECUTABLE_FOLDER_PATH)/MiniSAPlayground";
			};
			name = Debug;
		};
		604488E62E34194900D9B9FD /* Release */ = {
			isa = XCBuildConfiguration;
			baseConfigurationReference = 6C68C85BBFB14F7035DB0F8E /* Pods-MiniSAPlaygroundTests.release.xcconfig */;
			buildSettings = {
				BUNDLE_LOADER = "$(TEST_HOST)";
				CODE_SIGN_STYLE = Automatic;
				CURRENT_PROJECT_VERSION = 1;
				DEVELOPMENT_TEAM = NUP9G5V5V5;
				ENABLE_USER_SCRIPT_SANDBOXING = NO;
				GENERATE_INFOPLIST_FILE = YES;
				IPHONEOS_DEPLOYMENT_TARGET = 18.4;
				MARKETING_VERSION = 1.0;
				PRODUCT_BUNDLE_IDENTIFIER = leowirasanto.MiniSAPlaygroundTests;
				PRODUCT_NAME = "$(TARGET_NAME)";
				SWIFT_EMIT_LOC_STRINGS = NO;
				SWIFT_VERSION = 5.0;
				TARGETED_DEVICE_FAMILY = "1,2";
				TEST_HOST = "$(BUILT_PRODUCTS_DIR)/MiniSAPlayground.app/$(BUNDLE_EXECUTABLE_FOLDER_PATH)/MiniSAPlayground";
			};
			name = Release;
		};
		604488E82E34194900D9B9FD /* Debug */ = {
			isa = XCBuildConfiguration;
			baseConfigurationReference = CD482956422DDBF4C5A2AE92 /* Pods-MiniSAPlayground-MiniSAPlaygroundUITests.debug.xcconfig */;
			buildSettings = {
				CODE_SIGN_STYLE = Automatic;
				CURRENT_PROJECT_VERSION = 1;
				DEVELOPMENT_TEAM = NUP9G5V5V5;
				ENABLE_USER_SCRIPT_SANDBOXING = NO;
				GENERATE_INFOPLIST_FILE = YES;
				MARKETING_VERSION = 1.0;
				PRODUCT_BUNDLE_IDENTIFIER = leowirasanto.MiniSAPlaygroundUITests;
				PRODUCT_NAME = "$(TARGET_NAME)";
				SWIFT_EMIT_LOC_STRINGS = NO;
				SWIFT_VERSION = 5.0;
				TARGETED_DEVICE_FAMILY = "1,2";
				TEST_TARGET_NAME = MiniSAPlayground;
			};
			name = Debug;
		};
		604488E92E34194900D9B9FD /* Release */ = {
			isa = XCBuildConfiguration;
			baseConfigurationReference = 5F6E4B98FBE4681410EBF7FC /* Pods-MiniSAPlayground-MiniSAPlaygroundUITests.release.xcconfig */;
			buildSettings = {
				CODE_SIGN_STYLE = Automatic;
				CURRENT_PROJECT_VERSION = 1;
				DEVELOPMENT_TEAM = NUP9G5V5V5;
				ENABLE_USER_SCRIPT_SANDBOXING = NO;
				GENERATE_INFOPLIST_FILE = YES;
				MARKETING_VERSION = 1.0;
				PRODUCT_BUNDLE_IDENTIFIER = leowirasanto.MiniSAPlaygroundUITests;
				PRODUCT_NAME = "$(TARGET_NAME)";
				SWIFT_EMIT_LOC_STRINGS = NO;
				SWIFT_VERSION = 5.0;
				TARGETED_DEVICE_FAMILY = "1,2";
				TEST_TARGET_NAME = MiniSAPlayground;
			};
			name = Release;
		};
/* End XCBuildConfiguration section */

/* Begin XCConfigurationList section */
		604488BB2E34194800D9B9FD /* Build configuration list for PBXProject "MiniSAPlayground" */ = {
			isa = XCConfigurationList;
			buildConfigurations = (
				604488DF2E34194900D9B9FD /* Debug */,
				604488E02E34194900D9B9FD /* Release */,
			);
			defaultConfigurationIsVisible = 0;
			defaultConfigurationName = Release;
		};
		604488E12E34194900D9B9FD /* Build configuration list for PBXNativeTarget "MiniSAPlayground" */ = {
			isa = XCConfigurationList;
			buildConfigurations = (
				604488E22E34194900D9B9FD /* Debug */,
				604488E32E34194900D9B9FD /* Release */,
			);
			defaultConfigurationIsVisible = 0;
			defaultConfigurationName = Release;
		};
		604488E42E34194900D9B9FD /* Build configuration list for PBXNativeTarget "MiniSAPlaygroundTests" */ = {
			isa = XCConfigurationList;
			buildConfigurations = (
				604488E52E34194900D9B9FD /* Debug */,
				604488E62E34194900D9B9FD /* Release */,
			);
			defaultConfigurationIsVisible = 0;
			defaultConfigurationName = Release;
		};
		604488E72E34194900D9B9FD /* Build configuration list for PBXNativeTarget "MiniSAPlaygroundUITests" */ = {
			isa = XCConfigurationList;
			buildConfigurations = (
				604488E82E34194900D9B9FD /* Debug */,
				604488E92E34194900D9B9FD /* Release */,
			);
			defaultConfigurationIsVisible = 0;
			defaultConfigurationName = Release;
		};
/* End XCConfigurationList section */
	};
	rootObject = 604488B82E34194800D9B9FD /* Project object */;
}
