{
  "originHash" : "62107db33569f5cf5d9e4bbc235e349043d4be160cef32cc967e18a9bb1b1384",
  "pins" : [
    {
      "identity" : "nebula",
      "kind" : "remoteSourceControl",
      "location" : "https://github.com/leowirasanto2/Nebula",
      "state" : {
        "revision" : "bc2e4b49309b0a18791ae93571d89012d4ee8923",
        "version" : "1.2.0"
      }
    }
  ],
  "version" : 3
}
